
Microsoft Visual Studio Solution File, Format Version 12.00
# Visual Studio Version 16
VisualStudioVersion = 16.0.29920.165
MinimumVisualStudioVersion = 10.0.40219.1
Project("{FAE04EC0-301F-11D3-BF4B-00C04F79EFBC}") = "3NF.Decomposition.Web", "3NF.Decomposition.Web\3NF.Decomposition.Web.csproj", "{59BF3005-6AE0-4E50-80BF-41D9DE30FC40}"
EndProject
Project("{FAE04EC0-301F-11D3-BF4B-00C04F79EFBC}") = "3NF.Decomposition.Core", "3NF.Decomposition.Core\3NF.Decomposition.Core.csproj", "{4CF0C662-8150-413A-9A5A-49AAA06885CE}"
EndProject
Project("{FAE04EC0-301F-11D3-BF4B-00C04F79EFBC}") = "3NF.Decomposition.Persistence", "3NF.Decomposition.Persistence\3NF.Decomposition.Persistence.csproj", "{92A941A5-D2BA-4684-8426-65702187C38D}"
EndProject
Global
	GlobalSection(SolutionConfigurationPlatforms) = preSolution
		Debug|Any CPU = Debug|Any CPU
		Release|Any CPU = Release|Any CPU
	EndGlobalSection
	GlobalSection(ProjectConfigurationPlatforms) = postSolution
		{59BF3005-6AE0-4E50-80BF-41D9DE30FC40}.Debug|Any CPU.ActiveCfg = Debug|Any CPU
		{59BF3005-6AE0-4E50-80BF-41D9DE30FC40}.Debug|Any CPU.Build.0 = Debug|Any CPU
		{59BF3005-6AE0-4E50-80BF-41D9DE30FC40}.Release|Any CPU.ActiveCfg = Release|Any CPU
		{59BF3005-6AE0-4E50-80BF-41D9DE30FC40}.Release|Any CPU.Build.0 = Release|Any CPU
		{4CF0C662-8150-413A-9A5A-49AAA06885CE}.Debug|Any CPU.ActiveCfg = Debug|Any CPU
		{4CF0C662-8150-413A-9A5A-49AAA06885CE}.Debug|Any CPU.Build.0 = Debug|Any CPU
		{4CF0C662-8150-413A-9A5A-49AAA06885CE}.Release|Any CPU.ActiveCfg = Release|Any CPU
		{4CF0C662-8150-413A-9A5A-49AAA06885CE}.Release|Any CPU.Build.0 = Release|Any CPU
		{92A941A5-D2BA-4684-8426-65702187C38D}.Debug|Any CPU.ActiveCfg = Debug|Any CPU
		{92A941A5-D2BA-4684-8426-65702187C38D}.Debug|Any CPU.Build.0 = Debug|Any CPU
		{92A941A5-D2BA-4684-8426-65702187C38D}.Release|Any CPU.ActiveCfg = Release|Any CPU
		{92A941A5-D2BA-4684-8426-65702187C38D}.Release|Any CPU.Build.0 = Release|Any CPU
	EndGlobalSection
	GlobalSection(SolutionProperties) = preSolution
		HideSolutionNode = FALSE
	EndGlobalSection
	GlobalSection(ExtensibilityGlobals) = postSolution
		SolutionGuid = {A6232AF9-EB64-4113-BD8F-E1B3E226E8B4}
	EndGlobalSection
EndGlobal
